
Microsoft Visual Studio Solution File, Format Version 12.00
# Visual Studio Version 16
VisualStudioVersion = 16.0.29201.188
MinimumVisualStudioVersion = 10.0.40219.1
Project("{FAE04EC0-301F-11D3-BF4B-00C04F79EFBC}") = "OneAway", "OneAway\OneAway.csproj", "{3AA9DFF2-85C7-4330-8A08-C7C7B1299198}"
EndProject
Global
	GlobalSection(SolutionConfigurationPlatforms) = preSolution
		Debug|Any CPU = Debug|Any CPU
		Release|Any CPU = Release|Any CPU
	EndGlobalSection
	GlobalSection(ProjectConfigurationPlatforms) = postSolution
		{3AA9DFF2-85C7-4330-8A08-C7C7B1299198}.Debug|Any CPU.ActiveCfg = Debug|Any CPU
		{3AA9DFF2-85C7-4330-8A08-C7C7B1299198}.Debug|Any CPU.Build.0 = Debug|Any CPU
		{3AA9DFF2-85C7-4330-8A08-C7C7B1299198}.Release|Any CPU.ActiveCfg = Release|Any CPU
		{3AA9DFF2-85C7-4330-8A08-C7C7B1299198}.Release|Any CPU.Build.0 = Release|Any CPU
	EndGlobalSection
	GlobalSection(SolutionProperties) = preSolution
		HideSolutionNode = FALSE
	EndGlobalSection
	GlobalSection(ExtensibilityGlobals) = postSolution
		SolutionGuid = {A5A5BCCD-7ED4-482E-91AF-63887C584B4E}
	EndGlobalSection
EndGlobal
