
Microsoft Visual Studio Solution File, Format Version 12.00
# Visual Studio Version 16
VisualStudioVersion = 16.0.29503.13
MinimumVisualStudioVersion = 10.0.40219.1
Project("{FAE04EC0-301F-11D3-BF4B-00C04F79EFBC}") = "QueueViaStacks", "QueueViaStacks.csproj", "{6A850F84-E270-49DE-83AE-7DC53BB50E30}"
EndProject
Global
	GlobalSection(SolutionConfigurationPlatforms) = preSolution
		Debug|Any CPU = Debug|Any CPU
		Release|Any CPU = Release|Any CPU
	EndGlobalSection
	GlobalSection(ProjectConfigurationPlatforms) = postSolution
		{6A850F84-E270-49DE-83AE-7DC53BB50E30}.Debug|Any CPU.ActiveCfg = Debug|Any CPU
		{6A850F84-E270-49DE-83AE-7DC53BB50E30}.Debug|Any CPU.Build.0 = Debug|Any CPU
		{6A850F84-E270-49DE-83AE-7DC53BB50E30}.Release|Any CPU.ActiveCfg = Release|Any CPU
		{6A850F84-E270-49DE-83AE-7DC53BB50E30}.Release|Any CPU.Build.0 = Release|Any CPU
	EndGlobalSection
	GlobalSection(SolutionProperties) = preSolution
		HideSolutionNode = FALSE
	EndGlobalSection
	GlobalSection(ExtensibilityGlobals) = postSolution
		SolutionGuid = {9D2D764C-032F-414F-A316-93CC90753664}
	EndGlobalSection
EndGlobal
