
Microsoft Visual Studio Solution File, Format Version 12.00
# Visual Studio Version 16
VisualStudioVersion = 16.0.29418.71
MinimumVisualStudioVersion = 10.0.40219.1
Project("{FAE04EC0-301F-11D3-BF4B-00C04F79EFBC}") = "Palindrome", "Palindrome.csproj", "{46567042-B5ED-43A3-AB13-0B74D720C518}"
EndProject
Global
	GlobalSection(SolutionConfigurationPlatforms) = preSolution
		Debug|Any CPU = Debug|Any CPU
		Release|Any CPU = Release|Any CPU
	EndGlobalSection
	GlobalSection(ProjectConfigurationPlatforms) = postSolution
		{46567042-B5ED-43A3-AB13-0B74D720C518}.Debug|Any CPU.ActiveCfg = Debug|Any CPU
		{46567042-B5ED-43A3-AB13-0B74D720C518}.Debug|Any CPU.Build.0 = Debug|Any CPU
		{46567042-B5ED-43A3-AB13-0B74D720C518}.Release|Any CPU.ActiveCfg = Release|Any CPU
		{46567042-B5ED-43A3-AB13-0B74D720C518}.Release|Any CPU.Build.0 = Release|Any CPU
	EndGlobalSection
	GlobalSection(SolutionProperties) = preSolution
		HideSolutionNode = FALSE
	EndGlobalSection
	GlobalSection(ExtensibilityGlobals) = postSolution
		SolutionGuid = {FEF715DE-E290-413D-BD4E-B38781FA8B95}
	EndGlobalSection
EndGlobal
